{
    "name": "smokey_skyblock",
    "version": "1.0.0",
    "lockfileVersion": 2,
    "requires": true,
    "packages": {
        "": {
            "name": "smokey_skyblock",
            "version": "1.0.0",
            "license": "ISC",
            "dependencies": {
                "@minecraft/server": "^1.1.0-beta.1.19.70-stable",
                "typescript": "^4.9.5"
            },
            "devDependencies": {}
        },
        "node_modules/@minecraft/server": {
            "version": "1.1.0-beta.1.19.70-stable",
            "resolved": "https://registry.npmjs.org/@minecraft/server/-/server-1.1.0-beta.1.19.70-stable.tgz",
            "integrity": "sha512-hdCxtHCh2iPfJO9uZEUcYlPt03xe5FyAjfYUgt8LV+QR81EG6WSz24IFcmNDDyWoBh2nHy/GVLU+xtk0LUhRsg=="
        },
        "node_modules/typescript": {
            "version": "4.9.5",
            "resolved": "https://registry.npmjs.org/typescript/-/typescript-4.9.5.tgz",
            "integrity": "sha512-1FXk9E2Hm+QzZQ7z+McJiHL4NW1F2EzMu9Nq9i3zAaGqibafqYwCVU6WyWAuyQRRzOlxou8xZSyXLEN8oKj24g==",
            "bin": {
                "tsc": "bin/tsc",
                "tsserver": "bin/tsserver"
            },
            "engines": {
                "node": ">=4.2.0"
            }
        }
    },
    "dependencies": {
        "@minecraft/server": {
            "version": "1.1.0-beta.1.19.70-stable",
            "resolved": "https://registry.npmjs.org/@minecraft/server/-/server-1.1.0-beta.1.19.70-stable.tgz",
            "integrity": "sha512-hdCxtHCh2iPfJO9uZEUcYlPt03xe5FyAjfYUgt8LV+QR81EG6WSz24IFcmNDDyWoBh2nHy/GVLU+xtk0LUhRsg=="
        },
        "typescript": {
            "version": "4.9.5",
            "resolved": "https://registry.npmjs.org/typescript/-/typescript-4.9.5.tgz",
            "integrity": "sha512-1FXk9E2Hm+QzZQ7z+McJiHL4NW1F2EzMu9Nq9i3zAaGqibafqYwCVU6WyWAuyQRRzOlxou8xZSyXLEN8oKj24g=="
        }
    }
}
